
Microsoft Visual Studio Solution File, Format Version 12.00
# Visual Studio Version 17
VisualStudioVersion = 17.3.32929.385
MinimumVisualStudioVersion = 10.0.40219.1
Project("{2150E333-8FDC-42A3-9474-1A3956D46DE8}") = "Source", "Source", "{00BA9697-9FD6-4F4D-BD52-4CBE16369A43}"
EndProject
Project("{2150E333-8FDC-42A3-9474-1A3956D46DE8}") = "Application", "Application", "{B2FD43AB-DB24-43D0-B737-031C1D05AFB8}"
EndProject
Project("{FAE04EC0-301F-11D3-BF4B-00C04F79EFBC}") = "Application.DTO", "Application.DTO\Application.DTO.csproj", "{71011AD0-253D-42D2-8FF9-6E1634272689}"
EndProject
Project("{FAE04EC0-301F-11D3-BF4B-00C04F79EFBC}") = "Application.Facade", "Application.Facade\Application.Facade.csproj", "{A627C9B7-0ADD-4455-982A-3F848FCACB5F}"
EndProject
Project("{2150E333-8FDC-42A3-9474-1A3956D46DE8}") = "Domain", "Domain", "{DBD7D316-E9EC-48CF-B350-E1887D4BE07F}"
EndProject
Project("{FAE04EC0-301F-11D3-BF4B-00C04F79EFBC}") = "Domain", "Domain\Domain.csproj", "{91EDF083-ED8C-4452-80BF-C9475006D5A7}"
EndProject
Project("{2150E333-8FDC-42A3-9474-1A3956D46DE8}") = "Infra", "Infra", "{11E758A8-43D6-4C71-8EFA-CB2EDE7410F7}"
EndProject
Project("{FAE04EC0-301F-11D3-BF4B-00C04F79EFBC}") = "Infra.Repository", "Infra.Repository\Infra.Repository.csproj", "{1747BDF5-3748-42E9-9A91-7DDEA2AB8B18}"
EndProject
Project("{2150E333-8FDC-42A3-9474-1A3956D46DE8}") = "Ui", "Ui", "{B5138FE7-C6AE-4C9F-9756-225F0CDCD224}"
EndProject
Project("{FAE04EC0-301F-11D3-BF4B-00C04F79EFBC}") = "Web.API", "Web.API\Web.API.csproj", "{6A4A2D13-5FEA-4458-9F7E-2CD5BD319803}"
EndProject
Project("{2150E333-8FDC-42A3-9474-1A3956D46DE8}") = "Test", "Test", "{631426E5-44C3-4829-95D2-4644E2E1EFD1}"
EndProject
Project("{FAE04EC0-301F-11D3-BF4B-00C04F79EFBC}") = "Domain.UnitTests", "Domain.UnitTests\Domain.UnitTests.csproj", "{F6B6F7A4-1D56-427A-891A-93EA3B5B4E2F}"
EndProject
Global
	GlobalSection(SolutionConfigurationPlatforms) = preSolution
		Debug|Any CPU = Debug|Any CPU
		Release|Any CPU = Release|Any CPU
	EndGlobalSection
	GlobalSection(ProjectConfigurationPlatforms) = postSolution
		{71011AD0-253D-42D2-8FF9-6E1634272689}.Debug|Any CPU.ActiveCfg = Debug|Any CPU
		{71011AD0-253D-42D2-8FF9-6E1634272689}.Debug|Any CPU.Build.0 = Debug|Any CPU
		{71011AD0-253D-42D2-8FF9-6E1634272689}.Release|Any CPU.ActiveCfg = Release|Any CPU
		{71011AD0-253D-42D2-8FF9-6E1634272689}.Release|Any CPU.Build.0 = Release|Any CPU
		{A627C9B7-0ADD-4455-982A-3F848FCACB5F}.Debug|Any CPU.ActiveCfg = Debug|Any CPU
		{A627C9B7-0ADD-4455-982A-3F848FCACB5F}.Debug|Any CPU.Build.0 = Debug|Any CPU
		{A627C9B7-0ADD-4455-982A-3F848FCACB5F}.Release|Any CPU.ActiveCfg = Release|Any CPU
		{A627C9B7-0ADD-4455-982A-3F848FCACB5F}.Release|Any CPU.Build.0 = Release|Any CPU
		{91EDF083-ED8C-4452-80BF-C9475006D5A7}.Debug|Any CPU.ActiveCfg = Debug|Any CPU
		{91EDF083-ED8C-4452-80BF-C9475006D5A7}.Debug|Any CPU.Build.0 = Debug|Any CPU
		{91EDF083-ED8C-4452-80BF-C9475006D5A7}.Release|Any CPU.ActiveCfg = Release|Any CPU
		{91EDF083-ED8C-4452-80BF-C9475006D5A7}.Release|Any CPU.Build.0 = Release|Any CPU
		{1747BDF5-3748-42E9-9A91-7DDEA2AB8B18}.Debug|Any CPU.ActiveCfg = Debug|Any CPU
		{1747BDF5-3748-42E9-9A91-7DDEA2AB8B18}.Debug|Any CPU.Build.0 = Debug|Any CPU
		{1747BDF5-3748-42E9-9A91-7DDEA2AB8B18}.Release|Any CPU.ActiveCfg = Release|Any CPU
		{1747BDF5-3748-42E9-9A91-7DDEA2AB8B18}.Release|Any CPU.Build.0 = Release|Any CPU
		{6A4A2D13-5FEA-4458-9F7E-2CD5BD319803}.Debug|Any CPU.ActiveCfg = Debug|Any CPU
		{6A4A2D13-5FEA-4458-9F7E-2CD5BD319803}.Debug|Any CPU.Build.0 = Debug|Any CPU
		{6A4A2D13-5FEA-4458-9F7E-2CD5BD319803}.Release|Any CPU.ActiveCfg = Release|Any CPU
		{6A4A2D13-5FEA-4458-9F7E-2CD5BD319803}.Release|Any CPU.Build.0 = Release|Any CPU
		{F6B6F7A4-1D56-427A-891A-93EA3B5B4E2F}.Debug|Any CPU.ActiveCfg = Debug|Any CPU
		{F6B6F7A4-1D56-427A-891A-93EA3B5B4E2F}.Debug|Any CPU.Build.0 = Debug|Any CPU
		{F6B6F7A4-1D56-427A-891A-93EA3B5B4E2F}.Release|Any CPU.ActiveCfg = Release|Any CPU
		{F6B6F7A4-1D56-427A-891A-93EA3B5B4E2F}.Release|Any CPU.Build.0 = Release|Any CPU
	EndGlobalSection
	GlobalSection(SolutionProperties) = preSolution
		HideSolutionNode = FALSE
	EndGlobalSection
	GlobalSection(NestedProjects) = preSolution
		{B2FD43AB-DB24-43D0-B737-031C1D05AFB8} = {00BA9697-9FD6-4F4D-BD52-4CBE16369A43}
		{71011AD0-253D-42D2-8FF9-6E1634272689} = {B2FD43AB-DB24-43D0-B737-031C1D05AFB8}
		{A627C9B7-0ADD-4455-982A-3F848FCACB5F} = {B2FD43AB-DB24-43D0-B737-031C1D05AFB8}
		{DBD7D316-E9EC-48CF-B350-E1887D4BE07F} = {00BA9697-9FD6-4F4D-BD52-4CBE16369A43}
		{91EDF083-ED8C-4452-80BF-C9475006D5A7} = {DBD7D316-E9EC-48CF-B350-E1887D4BE07F}
		{11E758A8-43D6-4C71-8EFA-CB2EDE7410F7} = {00BA9697-9FD6-4F4D-BD52-4CBE16369A43}
		{1747BDF5-3748-42E9-9A91-7DDEA2AB8B18} = {11E758A8-43D6-4C71-8EFA-CB2EDE7410F7}
		{B5138FE7-C6AE-4C9F-9756-225F0CDCD224} = {00BA9697-9FD6-4F4D-BD52-4CBE16369A43}
		{6A4A2D13-5FEA-4458-9F7E-2CD5BD319803} = {B5138FE7-C6AE-4C9F-9756-225F0CDCD224}
		{F6B6F7A4-1D56-427A-891A-93EA3B5B4E2F} = {631426E5-44C3-4829-95D2-4644E2E1EFD1}
	EndGlobalSection
	GlobalSection(ExtensibilityGlobals) = postSolution
		SolutionGuid = {63116D6A-DC6A-4B14-8E39-7A604B6E1915}
	EndGlobalSection
EndGlobal
